
Microsoft Visual Studio Solution File, Format Version 12.00
# Visual Studio Version 16
VisualStudioVersion = 16.0.30413.136
MinimumVisualStudioVersion = 10.0.40219.1
Project("{FAE04EC0-301F-11D3-BF4B-00C04F79EFBC}") = "TechnicalAssignment1", "TechnicalAssignment1.csproj", "{5B9C91BA-8822-4D7D-BBAD-16830A8E5459}"
EndProject
Global
	GlobalSection(SolutionConfigurationPlatforms) = preSolution
		Debug|Any CPU = Debug|Any CPU
		Release|Any CPU = Release|Any CPU
	EndGlobalSection
	GlobalSection(ProjectConfigurationPlatforms) = postSolution
		{5B9C91BA-8822-4D7D-BBAD-16830A8E5459}.Debug|Any CPU.ActiveCfg = Debug|Any CPU
		{5B9C91BA-8822-4D7D-BBAD-16830A8E5459}.Debug|Any CPU.Build.0 = Debug|Any CPU
		{5B9C91BA-8822-4D7D-BBAD-16830A8E5459}.Release|Any CPU.ActiveCfg = Release|Any CPU
		{5B9C91BA-8822-4D7D-BBAD-16830A8E5459}.Release|Any CPU.Build.0 = Release|Any CPU
	EndGlobalSection
	GlobalSection(SolutionProperties) = preSolution
		HideSolutionNode = FALSE
	EndGlobalSection
	GlobalSection(ExtensibilityGlobals) = postSolution
		SolutionGuid = {A6758115-9486-47D1-848D-557B5E1B9A76}
	EndGlobalSection
EndGlobal
